<?xml version="1.0" encoding="UTF-8"?>
<Scheme
   LastUpgradeVersion = "0620"
   version = "2.0">
   <BuildAction
      parallelizeBuildables = "YES"
      buildImplicitDependencies = "YES">
      <BuildActionEntries>
         <BuildActionEntry
            buildForTesting = "YES"
            buildForRunning = "YES"
            buildForProfiling = "YES"
            buildForArchiving = "YES"
            buildForAnalyzing = "YES">
            <BuildableReference
               BuildableIdentifier = "primary"
               BlueprintIdentifier = "BE7C40B51AC7ED8000B7EA81"
               BuildableName = "Top100 WatchKit App.app"
               BlueprintName = "Top100 WatchKit App"
               ReferencedContainer = "container:Top100.xcodeproj">
            </BuildableReference>
         </BuildActionEntry>
         <BuildActionEntry
            buildForTesting = "YES"
            buildForRunning = "YES"
            buildForProfiling = "YES"
            buildForArchiving = "YES"
            buildForAnalyzing = "YES">
            <BuildableReference
               BuildableIdentifier = "primary"
               BlueprintIdentifier = "BE7C40A31AC7ED7F00B7EA81"
               BuildableName = "Top100 WatchKit Extension.appex"
               BlueprintName = "Top100 WatchKit Extension"
               ReferencedContainer = "container:Top100.xcodeproj">
            </BuildableReference>
         </BuildActionEntry>
         <BuildActionEntry
            buildForTesting = "YES"
            buildForRunning = "YES"
            buildForProfiling = "YES"
            buildForArchiving = "YES"
            buildForAnalyzing = "YES">
            <BuildableReference
               BuildableIdentifier = "primary"
               BlueprintIdentifier = "BEDB6C381A8A9B4300FB73BE"
               BuildableName = "Top100.app"
               BlueprintName = "Top100"
               ReferencedContainer = "container:Top100.xcodeproj">
            </BuildableReference>
         </BuildActionEntry>
         <BuildActionEntry
            buildForTesting = "YES"
            buildForRunning = "YES"
            buildForProfiling = "NO"
            buildForArchiving = "NO"
            buildForAnalyzing = "YES">
            <BuildableReference
               BuildableIdentifier = "primary"
               BlueprintIdentifier = "BE7C40DD1AC805CE00B7EA81"
               BuildableName = "DataShareKitTests.xctest"
               BlueprintName = "DataShareKitTests"
               ReferencedContainer = "container:Top100.xcodeproj">
            </BuildableReference>
         </BuildActionEntry>
      </BuildActionEntries>
   </BuildAction>
   <TestAction
      selectedDebuggerIdentifier = "Xcode.DebuggerFoundation.Debugger.LLDB"
      selectedLauncherIdentifier = "Xcode.DebuggerFoundation.Launcher.LLDB"
      shouldUseLaunchSchemeArgsEnv = "YES"
      buildConfiguration = "Debug">
      <Testables>
         <TestableReference
            skipped = "NO">
            <BuildableReference
               BuildableIdentifier = "primary"
               BlueprintIdentifier = "BE7C40DD1AC805CE00B7EA81"
               BuildableName = "DataShareKitTests.xctest"
               BlueprintName = "DataShareKitTests"
               ReferencedContainer = "container:Top100.xcodeproj">
            </BuildableReference>
         </TestableReference>
      </Testables>
      <MacroExpansion>
         <BuildableReference
            BuildableIdentifier = "primary"
            BlueprintIdentifier = "BE7C40B51AC7ED8000B7EA81"
            BuildableName = "Top100 WatchKit App.app"
            BlueprintName = "Top100 WatchKit App"
            ReferencedContainer = "container:Top100.xcodeproj">
         </BuildableReference>
      </MacroExpansion>
   </TestAction>
   <LaunchAction
      selectedDebuggerIdentifier = "Xcode.DebuggerFoundation.Debugger.LLDB"
      selectedLauncherIdentifier = "Xcode.DebuggerFoundation.Launcher.LLDB"
      launchStyle = "0"
      useCustomWorkingDirectory = "NO"
      buildConfiguration = "Debug"
      ignoresPersistentStateOnLaunch = "NO"
      debugDocumentVersioning = "YES"
      allowLocationSimulation = "YES"
      launchAutomaticallySubstyle = "4"
      notificationPayloadFile = "Top100 WatchKit Extension/PushNotificationPayload.apns">
      <RemoteRunnable
         runnableDebuggingMode = "2"
         BundleIdentifier = "com.apple.springboard"
         RemotePath = "/Top100">
         <BuildableReference
            BuildableIdentifier = "primary"
            BlueprintIdentifier = "BE7C40B51AC7ED8000B7EA81"
            BuildableName = "Top100 WatchKit App.app"
            BlueprintName = "Top100 WatchKit App"
            ReferencedContainer = "container:Top100.xcodeproj">
         </BuildableReference>
      </RemoteRunnable>
      <MacroExpansion>
         <BuildableReference
            BuildableIdentifier = "primary"
            BlueprintIdentifier = "BE7C40B51AC7ED8000B7EA81"
            BuildableName = "Top100 WatchKit App.app"
            BlueprintName = "Top100 WatchKit App"
            ReferencedContainer = "container:Top100.xcodeproj">
         </BuildableReference>
      </MacroExpansion>
      <AdditionalOptions>
      </AdditionalOptions>
   </LaunchAction>
   <ProfileAction
      shouldUseLaunchSchemeArgsEnv = "YES"
      savedToolIdentifier = ""
      useCustomWorkingDirectory = "NO"
      buildConfiguration = "Release"
      debugDocumentVersioning = "YES">
      <RemoteRunnable
         runnableDebuggingMode = "2"
         BundleIdentifier = "com.apple.springboard"
         RemotePath = "/Top100">
         <BuildableReference
            BuildableIdentifier = "primary"
            BlueprintIdentifier = "BE7C40B51AC7ED8000B7EA81"
            BuildableName = "Top100 WatchKit App.app"
            BlueprintName = "Top100 WatchKit App"
            ReferencedContainer = "container:Top100.xcodeproj">
         </BuildableReference>
      </RemoteRunnable>
      <MacroExpansion>
         <BuildableReference
            BuildableIdentifier = "primary"
            BlueprintIdentifier = "BE7C40B51AC7ED8000B7EA81"
            BuildableName = "Top100 WatchKit App.app"
            BlueprintName = "Top100 WatchKit App"
            ReferencedContainer = "container:Top100.xcodeproj">
         </BuildableReference>
      </MacroExpansion>
   </ProfileAction>
   <AnalyzeAction
      buildConfiguration = "Debug">
   </AnalyzeAction>
   <ArchiveAction
      buildConfiguration = "Release"
      revealArchiveInOrganizer = "YES">
   </ArchiveAction>
</Scheme>
