// !$*UTF8*$!
{
	archiveVersion = 1;
	classes = {
	};
	objectVersion = 46;
	objects = {

/* Begin PBXBuildFile section */
		AD5767F51A8CCECB0023E7D7 /* FetchResultsTableViewController.m in Sources */ = {isa = PBXBuildFile; fileRef = AD5767F41A8CCECB0023E7D7 /* FetchResultsTableViewController.m */; };
		AD5767FB1A8CD8660023E7D7 /* ContextsManagerTests.m in Sources */ = {isa = PBXBuildFile; fileRef = AD5767FA1A8CD8660023E7D7 /* ContextsManagerTests.m */; };
		AD5767FE1A8CF5260023E7D7 /* DetailTransition.m in Sources */ = {isa = PBXBuildFile; fileRef = AD5767FD1A8CF5260023E7D7 /* DetailTransition.m */; };
		AD5768001A8D11E20023E7D7 /* JSONFromURL.m in Sources */ = {isa = PBXBuildFile; fileRef = AD5767FF1A8D11E20023E7D7 /* JSONFromURL.m */; };
		AD5768041A8D149A0023E7D7 /* Top100Apps.json in Resources */ = {isa = PBXBuildFile; fileRef = AD5768031A8D149A0023E7D7 /* Top100Apps.json */; };
		ADA958041ACEFEAA00D9C783 /* AnimationImageInterfaceController.m in Sources */ = {isa = PBXBuildFile; fileRef = ADA958031ACEFEAA00D9C783 /* AnimationImageInterfaceController.m */; };
		BE7C40AB1AC7ED7F00B7EA81 /* InterfaceController.m in Sources */ = {isa = PBXBuildFile; fileRef = BE7C40AA1AC7ED7F00B7EA81 /* InterfaceController.m */; };
		BE7C40AE1AC7ED7F00B7EA81 /* NotificationController.m in Sources */ = {isa = PBXBuildFile; fileRef = BE7C40AD1AC7ED7F00B7EA81 /* NotificationController.m */; };
		BE7C40B11AC7ED7F00B7EA81 /* GlanceController.m in Sources */ = {isa = PBXBuildFile; fileRef = BE7C40B01AC7ED7F00B7EA81 /* GlanceController.m */; };
		BE7C40B31AC7ED7F00B7EA81 /* Images.xcassets in Resources */ = {isa = PBXBuildFile; fileRef = BE7C40B21AC7ED7F00B7EA81 /* Images.xcassets */; };
		BE7C40B71AC7ED8000B7EA81 /* Top100 WatchKit App.app in Resources */ = {isa = PBXBuildFile; fileRef = BE7C40B61AC7ED8000B7EA81 /* Top100 WatchKit App.app */; };
		BE7C40BF1AC7ED8000B7EA81 /* Interface.storyboard in Resources */ = {isa = PBXBuildFile; fileRef = BE7C40BD1AC7ED8000B7EA81 /* Interface.storyboard */; };
		BE7C40C11AC7ED8000B7EA81 /* Images.xcassets in Resources */ = {isa = PBXBuildFile; fileRef = BE7C40C01AC7ED8000B7EA81 /* Images.xcassets */; };
		BE7C40C41AC7ED8000B7EA81 /* Top100 WatchKit Extension.appex in Embed App Extensions */ = {isa = PBXBuildFile; fileRef = BE7C40A41AC7ED7F00B7EA81 /* Top100 WatchKit Extension.appex */; settings = {ATTRIBUTES = (RemoveHeadersOnCopy, ); }; };
		BE7C40CE1AC7EDFD00B7EA81 /* ApplicationRowController.m in Sources */ = {isa = PBXBuildFile; fileRef = BE7C40CD1AC7EDFD00B7EA81 /* ApplicationRowController.m */; };
		BE7C40D91AC805CE00B7EA81 /* DataShareKit.h in Headers */ = {isa = PBXBuildFile; fileRef = BE7C40D81AC805CE00B7EA81 /* DataShareKit.h */; settings = {ATTRIBUTES = (Public, ); }; };
		BE7C40DF1AC805CE00B7EA81 /* DataShareKit.framework in Frameworks */ = {isa = PBXBuildFile; fileRef = BE7C40D41AC805CE00B7EA81 /* DataShareKit.framework */; };
		BE7C40E81AC805CE00B7EA81 /* DataShareKitTests.m in Sources */ = {isa = PBXBuildFile; fileRef = BE7C40E71AC805CE00B7EA81 /* DataShareKitTests.m */; };
		BE7C40EB1AC805CE00B7EA81 /* DataShareKit.framework in Frameworks */ = {isa = PBXBuildFile; fileRef = BE7C40D41AC805CE00B7EA81 /* DataShareKit.framework */; };
		BE7C40EC1AC805CE00B7EA81 /* DataShareKit.framework in Embed Frameworks */ = {isa = PBXBuildFile; fileRef = BE7C40D41AC805CE00B7EA81 /* DataShareKit.framework */; settings = {ATTRIBUTES = (CodeSignOnCopy, RemoveHeadersOnCopy, ); }; };
		BE7C40F61AC8067300B7EA81 /* DetailInterfaceController.m in Sources */ = {isa = PBXBuildFile; fileRef = BE7C40F51AC8067300B7EA81 /* DetailInterfaceController.m */; };
		BE90A61C1A8D2E47001F4988 /* CustomGradientNavigationBar.m in Sources */ = {isa = PBXBuildFile; fileRef = BE90A61B1A8D2E47001F4988 /* CustomGradientNavigationBar.m */; };
		BE90A61F1A8D44EC001F4988 /* AppTableViewCell.m in Sources */ = {isa = PBXBuildFile; fileRef = BE90A61E1A8D44EC001F4988 /* AppTableViewCell.m */; };
		BEA6634F1AC9E31E0021AC9F /* ContextsManager.m in Sources */ = {isa = PBXBuildFile; fileRef = BE9D818D1A8C910D009D8C80 /* ContextsManager.m */; };
		BEA663501AC9E5060021AC9F /* Top100.xcdatamodeld in Sources */ = {isa = PBXBuildFile; fileRef = BEDB6C431A8A9B4300FB73BE /* Top100.xcdatamodeld */; };
		BEA663551AC9F0880021AC9F /* DataShareKit.framework in Frameworks */ = {isa = PBXBuildFile; fileRef = BE7C40D41AC805CE00B7EA81 /* DataShareKit.framework */; };
		BEA663561AC9F0D00021AC9F /* ContextsManager.h in Headers */ = {isa = PBXBuildFile; fileRef = BE9D818C1A8C910D009D8C80 /* ContextsManager.h */; settings = {ATTRIBUTES = (Public, ); }; };
		BEA663571AC9F1840021AC9F /* Constants.h in Headers */ = {isa = PBXBuildFile; fileRef = BE90A6201A8D4663001F4988 /* Constants.h */; settings = {ATTRIBUTES = (Public, ); }; };
		BEA663581AC9F1880021AC9F /* Constants.m in Sources */ = {isa = PBXBuildFile; fileRef = BE90A6211A8D4663001F4988 /* Constants.m */; };
		BEA663591AC9F18D0021AC9F /* Application.h in Headers */ = {isa = PBXBuildFile; fileRef = BEB4DC2C1A8B3CF800D047B9 /* Application.h */; settings = {ATTRIBUTES = (Public, ); }; };
		BEA6635A1AC9F1920021AC9F /* Application.m in Sources */ = {isa = PBXBuildFile; fileRef = BEB4DC2D1A8B3CF800D047B9 /* Application.m */; };
		BEA6635B1AC9F19C0021AC9F /* Application+Create.h in Headers */ = {isa = PBXBuildFile; fileRef = BEB4DC321A8B3DF800D047B9 /* Application+Create.h */; settings = {ATTRIBUTES = (Public, ); }; };
		BEA6635C1AC9F1A00021AC9F /* Application+Create.m in Sources */ = {isa = PBXBuildFile; fileRef = BEB4DC331A8B3DF800D047B9 /* Application+Create.m */; };
		BEA6635D1AC9F1A50021AC9F /* Application+Delete.h in Headers */ = {isa = PBXBuildFile; fileRef = BEB4DC351A8B3E0800D047B9 /* Application+Delete.h */; settings = {ATTRIBUTES = (Public, ); }; };
		BEA6635E1AC9F1A90021AC9F /* Application+Delete.m in Sources */ = {isa = PBXBuildFile; fileRef = BEB4DC361A8B3E0800D047B9 /* Application+Delete.m */; };
		BEDB6C3F1A8A9B4300FB73BE /* main.m in Sources */ = {isa = PBXBuildFile; fileRef = BEDB6C3E1A8A9B4300FB73BE /* main.m */; };
		BEDB6C421A8A9B4300FB73BE /* AppDelegate.m in Sources */ = {isa = PBXBuildFile; fileRef = BEDB6C411A8A9B4300FB73BE /* AppDelegate.m */; };
		BEDB6C451A8A9B4300FB73BE /* Top100.xcdatamodeld in Sources */ = {isa = PBXBuildFile; fileRef = BEDB6C431A8A9B4300FB73BE /* Top100.xcdatamodeld */; };
		BEDB6C481A8A9B4300FB73BE /* MasterViewController.m in Sources */ = {isa = PBXBuildFile; fileRef = BEDB6C471A8A9B4300FB73BE /* MasterViewController.m */; };
		BEDB6C4B1A8A9B4300FB73BE /* DetailViewController.m in Sources */ = {isa = PBXBuildFile; fileRef = BEDB6C4A1A8A9B4300FB73BE /* DetailViewController.m */; };
		BEDB6C4E1A8A9B4300FB73BE /* Main.storyboard in Resources */ = {isa = PBXBuildFile; fileRef = BEDB6C4C1A8A9B4300FB73BE /* Main.storyboard */; };
		BEDB6C501A8A9B4300FB73BE /* Images.xcassets in Resources */ = {isa = PBXBuildFile; fileRef = BEDB6C4F1A8A9B4300FB73BE /* Images.xcassets */; };
		BEDB6C531A8A9B4300FB73BE /* LaunchScreen.xib in Resources */ = {isa = PBXBuildFile; fileRef = BEDB6C511A8A9B4300FB73BE /* LaunchScreen.xib */; };
		BEDB6C5F1A8A9B4400FB73BE /* Top100PerformanceTests.m in Sources */ = {isa = PBXBuildFile; fileRef = BEDB6C5E1A8A9B4400FB73BE /* Top100PerformanceTests.m */; };
/* End PBXBuildFile section */

/* Begin PBXContainerItemProxy section */
		BE7C40B81AC7ED8000B7EA81 /* PBXContainerItemProxy */ = {
			isa = PBXContainerItemProxy;
			containerPortal = BEDB6C311A8A9B4300FB73BE /* Project object */;
			proxyType = 1;
			remoteGlobalIDString = BE7C40B51AC7ED8000B7EA81;
			remoteInfo = "Top100 WatchKit App";
		};
		BE7C40C21AC7ED8000B7EA81 /* PBXContainerItemProxy */ = {
			isa = PBXContainerItemProxy;
			containerPortal = BEDB6C311A8A9B4300FB73BE /* Project object */;
			proxyType = 1;
			remoteGlobalIDString = BE7C40A31AC7ED7F00B7EA81;
			remoteInfo = "Top100 WatchKit Extension";
		};
		BE7C40E01AC805CE00B7EA81 /* PBXContainerItemProxy */ = {
			isa = PBXContainerItemProxy;
			containerPortal = BEDB6C311A8A9B4300FB73BE /* Project object */;
			proxyType = 1;
			remoteGlobalIDString = BE7C40D31AC805CE00B7EA81;
			remoteInfo = DataShareKit;
		};
		BE7C40E21AC805CE00B7EA81 /* PBXContainerItemProxy */ = {
			isa = PBXContainerItemProxy;
			containerPortal = BEDB6C311A8A9B4300FB73BE /* Project object */;
			proxyType = 1;
			remoteGlobalIDString = BEDB6C381A8A9B4300FB73BE;
			remoteInfo = Top100;
		};
		BE7C40E91AC805CE00B7EA81 /* PBXContainerItemProxy */ = {
			isa = PBXContainerItemProxy;
			containerPortal = BEDB6C311A8A9B4300FB73BE /* Project object */;
			proxyType = 1;
			remoteGlobalIDString = BE7C40D31AC805CE00B7EA81;
			remoteInfo = DataShareKit;
		};
		BEDB6C591A8A9B4400FB73BE /* PBXContainerItemProxy */ = {
			isa = PBXContainerItemProxy;
			containerPortal = BEDB6C311A8A9B4300FB73BE /* Project object */;
			proxyType = 1;
			remoteGlobalIDString = BEDB6C381A8A9B4300FB73BE;
			remoteInfo = Top100;
		};
/* End PBXContainerItemProxy section */

/* Begin PBXCopyFilesBuildPhase section */
		BE7C40CB1AC7ED8000B7EA81 /* Embed App Extensions */ = {
			isa = PBXCopyFilesBuildPhase;
			buildActionMask = 2147483647;
			dstPath = "";
			dstSubfolderSpec = 13;
			files = (
				BE7C40C41AC7ED8000B7EA81 /* Top100 WatchKit Extension.appex in Embed App Extensions */,
			);
			name = "Embed App Extensions";
			runOnlyForDeploymentPostprocessing = 0;
		};
		BE7C40F01AC805CE00B7EA81 /* Embed Frameworks */ = {
			isa = PBXCopyFilesBuildPhase;
			buildActionMask = 2147483647;
			dstPath = "";
			dstSubfolderSpec = 10;
			files = (
				BE7C40EC1AC805CE00B7EA81 /* DataShareKit.framework in Embed Frameworks */,
			);
			name = "Embed Frameworks";
			runOnlyForDeploymentPostprocessing = 0;
		};
/* End PBXCopyFilesBuildPhase section */

/* Begin PBXFileReference section */
		AD5767F31A8CCECB0023E7D7 /* FetchResultsTableViewController.h */ = {isa = PBXFileReference; fileEncoding = 4; lastKnownFileType = sourcecode.c.h; path = FetchResultsTableViewController.h; sourceTree = "<group>"; };
		AD5767F41A8CCECB0023E7D7 /* FetchResultsTableViewController.m */ = {isa = PBXFileReference; fileEncoding = 4; lastKnownFileType = sourcecode.c.objc; path = FetchResultsTableViewController.m; sourceTree = "<group>"; };
		AD5767FA1A8CD8660023E7D7 /* ContextsManagerTests.m */ = {isa = PBXFileReference; fileEncoding = 4; lastKnownFileType = sourcecode.c.objc; path = ContextsManagerTests.m; sourceTree = "<group>"; };
		AD5767FC1A8CF5260023E7D7 /* DetailTransition.h */ = {isa = PBXFileReference; fileEncoding = 4; lastKnownFileType = sourcecode.c.h; path = DetailTransition.h; sourceTree = "<group>"; };
		AD5767FD1A8CF5260023E7D7 /* DetailTransition.m */ = {isa = PBXFileReference; fileEncoding = 4; lastKnownFileType = sourcecode.c.objc; path = DetailTransition.m; sourceTree = "<group>"; };
		AD5767FF1A8D11E20023E7D7 /* JSONFromURL.m */ = {isa = PBXFileReference; fileEncoding = 4; lastKnownFileType = sourcecode.c.objc; path = JSONFromURL.m; sourceTree = "<group>"; };
		AD5768011A8D12050023E7D7 /* JSONFromURL.h */ = {isa = PBXFileReference; lastKnownFileType = sourcecode.c.h; path = JSONFromURL.h; sourceTree = "<group>"; };
		AD5768021A8D136B0023E7D7 /* ContextsManagerTests.h */ = {isa = PBXFileReference; lastKnownFileType = sourcecode.c.h; path = ContextsManagerTests.h; sourceTree = "<group>"; };
		AD5768031A8D149A0023E7D7 /* Top100Apps.json */ = {isa = PBXFileReference; fileEncoding = 4; lastKnownFileType = text.json; path = Top100Apps.json; sourceTree = "<group>"; };
		ADA958021ACEFEAA00D9C783 /* AnimationImageInterfaceController.h */ = {isa = PBXFileReference; fileEncoding = 4; lastKnownFileType = sourcecode.c.h; path = AnimationImageInterfaceController.h; sourceTree = "<group>"; };
		ADA958031ACEFEAA00D9C783 /* AnimationImageInterfaceController.m */ = {isa = PBXFileReference; fileEncoding = 4; lastKnownFileType = sourcecode.c.objc; path = AnimationImageInterfaceController.m; sourceTree = "<group>"; };
		BE7C40A41AC7ED7F00B7EA81 /* Top100 WatchKit Extension.appex */ = {isa = PBXFileReference; explicitFileType = "wrapper.app-extension"; includeInIndex = 0; path = "Top100 WatchKit Extension.appex"; sourceTree = BUILT_PRODUCTS_DIR; };
		BE7C40A71AC7ED7F00B7EA81 /* Info.plist */ = {isa = PBXFileReference; lastKnownFileType = text.plist.xml; path = Info.plist; sourceTree = "<group>"; };
		BE7C40A81AC7ED7F00B7EA81 /* PushNotificationPayload.apns */ = {isa = PBXFileReference; lastKnownFileType = text; path = PushNotificationPayload.apns; sourceTree = "<group>"; };
		BE7C40A91AC7ED7F00B7EA81 /* InterfaceController.h */ = {isa = PBXFileReference; lastKnownFileType = sourcecode.c.h; path = InterfaceController.h; sourceTree = "<group>"; };
		BE7C40AA1AC7ED7F00B7EA81 /* InterfaceController.m */ = {isa = PBXFileReference; lastKnownFileType = sourcecode.c.objc; path = InterfaceController.m; sourceTree = "<group>"; };
		BE7C40AC1AC7ED7F00B7EA81 /* NotificationController.h */ = {isa = PBXFileReference; lastKnownFileType = sourcecode.c.h; path = NotificationController.h; sourceTree = "<group>"; };
		BE7C40AD1AC7ED7F00B7EA81 /* NotificationController.m */ = {isa = PBXFileReference; lastKnownFileType = sourcecode.c.objc; path = NotificationController.m; sourceTree = "<group>"; };
		BE7C40AF1AC7ED7F00B7EA81 /* GlanceController.h */ = {isa = PBXFileReference; lastKnownFileType = sourcecode.c.h; path = GlanceController.h; sourceTree = "<group>"; };
		BE7C40B01AC7ED7F00B7EA81 /* GlanceController.m */ = {isa = PBXFileReference; lastKnownFileType = sourcecode.c.objc; path = GlanceController.m; sourceTree = "<group>"; };
		BE7C40B21AC7ED7F00B7EA81 /* Images.xcassets */ = {isa = PBXFileReference; lastKnownFileType = folder.assetcatalog; path = Images.xcassets; sourceTree = "<group>"; };
		BE7C40B61AC7ED8000B7EA81 /* Top100 WatchKit App.app */ = {isa = PBXFileReference; explicitFileType = wrapper.application; includeInIndex = 0; path = "Top100 WatchKit App.app"; sourceTree = BUILT_PRODUCTS_DIR; };
		BE7C40BC1AC7ED8000B7EA81 /* Info.plist */ = {isa = PBXFileReference; lastKnownFileType = text.plist.xml; path = Info.plist; sourceTree = "<group>"; };
		BE7C40BE1AC7ED8000B7EA81 /* Base */ = {isa = PBXFileReference; lastKnownFileType = file.storyboard; name = Base; path = Base.lproj/Interface.storyboard; sourceTree = "<group>"; };
		BE7C40C01AC7ED8000B7EA81 /* Images.xcassets */ = {isa = PBXFileReference; lastKnownFileType = folder.assetcatalog; path = Images.xcassets; sourceTree = "<group>"; };
		BE7C40CC1AC7EDFD00B7EA81 /* ApplicationRowController.h */ = {isa = PBXFileReference; fileEncoding = 4; lastKnownFileType = sourcecode.c.h; path = ApplicationRowController.h; sourceTree = "<group>"; };
		BE7C40CD1AC7EDFD00B7EA81 /* ApplicationRowController.m */ = {isa = PBXFileReference; fileEncoding = 4; lastKnownFileType = sourcecode.c.objc; path = ApplicationRowController.m; sourceTree = "<group>"; };
		BE7C40D41AC805CE00B7EA81 /* DataShareKit.framework */ = {isa = PBXFileReference; explicitFileType = wrapper.framework; includeInIndex = 0; path = DataShareKit.framework; sourceTree = BUILT_PRODUCTS_DIR; };
		BE7C40D71AC805CE00B7EA81 /* Info.plist */ = {isa = PBXFileReference; lastKnownFileType = text.plist.xml; path = Info.plist; sourceTree = "<group>"; };
		BE7C40D81AC805CE00B7EA81 /* DataShareKit.h */ = {isa = PBXFileReference; lastKnownFileType = sourcecode.c.h; path = DataShareKit.h; sourceTree = "<group>"; };
		BE7C40DE1AC805CE00B7EA81 /* DataShareKitTests.xctest */ = {isa = PBXFileReference; explicitFileType = wrapper.cfbundle; includeInIndex = 0; path = DataShareKitTests.xctest; sourceTree = BUILT_PRODUCTS_DIR; };
		BE7C40E61AC805CE00B7EA81 /* Info.plist */ = {isa = PBXFileReference; lastKnownFileType = text.plist.xml; path = Info.plist; sourceTree = "<group>"; };
		BE7C40E71AC805CE00B7EA81 /* DataShareKitTests.m */ = {isa = PBXFileReference; lastKnownFileType = sourcecode.c.objc; path = DataShareKitTests.m; sourceTree = "<group>"; };
		BE7C40F41AC8067300B7EA81 /* DetailInterfaceController.h */ = {isa = PBXFileReference; fileEncoding = 4; lastKnownFileType = sourcecode.c.h; path = DetailInterfaceController.h; sourceTree = "<group>"; };
		BE7C40F51AC8067300B7EA81 /* DetailInterfaceController.m */ = {isa = PBXFileReference; fileEncoding = 4; lastKnownFileType = sourcecode.c.objc; path = DetailInterfaceController.m; sourceTree = "<group>"; };
		BE7C40F71AC821B900B7EA81 /* Top100.entitlements */ = {isa = PBXFileReference; lastKnownFileType = text.xml; path = Top100.entitlements; sourceTree = "<group>"; };
		BE7C40F81AC821C400B7EA81 /* Top100 WatchKit Extension.entitlements */ = {isa = PBXFileReference; lastKnownFileType = text.xml; path = "Top100 WatchKit Extension.entitlements"; sourceTree = "<group>"; };
		BE90A61A1A8D2E47001F4988 /* CustomGradientNavigationBar.h */ = {isa = PBXFileReference; fileEncoding = 4; lastKnownFileType = sourcecode.c.h; path = CustomGradientNavigationBar.h; sourceTree = "<group>"; };
		BE90A61B1A8D2E47001F4988 /* CustomGradientNavigationBar.m */ = {isa = PBXFileReference; fileEncoding = 4; lastKnownFileType = sourcecode.c.objc; path = CustomGradientNavigationBar.m; sourceTree = "<group>"; };
		BE90A61D1A8D44EC001F4988 /* AppTableViewCell.h */ = {isa = PBXFileReference; fileEncoding = 4; lastKnownFileType = sourcecode.c.h; path = AppTableViewCell.h; sourceTree = "<group>"; };
		BE90A61E1A8D44EC001F4988 /* AppTableViewCell.m */ = {isa = PBXFileReference; fileEncoding = 4; lastKnownFileType = sourcecode.c.objc; path = AppTableViewCell.m; sourceTree = "<group>"; };
		BE90A6201A8D4663001F4988 /* Constants.h */ = {isa = PBXFileReference; fileEncoding = 4; lastKnownFileType = sourcecode.c.h; name = Constants.h; path = ../Top100/Constants.h; sourceTree = "<group>"; };
		BE90A6211A8D4663001F4988 /* Constants.m */ = {isa = PBXFileReference; fileEncoding = 4; lastKnownFileType = sourcecode.c.objc; name = Constants.m; path = ../Top100/Constants.m; sourceTree = "<group>"; };
		BE9D818C1A8C910D009D8C80 /* ContextsManager.h */ = {isa = PBXFileReference; fileEncoding = 4; lastKnownFileType = sourcecode.c.h; name = ContextsManager.h; path = ../Top100/ContextsManager.h; sourceTree = "<group>"; };
		BE9D818D1A8C910D009D8C80 /* ContextsManager.m */ = {isa = PBXFileReference; fileEncoding = 4; lastKnownFileType = sourcecode.c.objc; name = ContextsManager.m; path = ../Top100/ContextsManager.m; sourceTree = "<group>"; };
		BEB4DC2C1A8B3CF800D047B9 /* Application.h */ = {isa = PBXFileReference; fileEncoding = 4; lastKnownFileType = sourcecode.c.h; name = Application.h; path = ../Top100/Application.h; sourceTree = "<group>"; };
		BEB4DC2D1A8B3CF800D047B9 /* Application.m */ = {isa = PBXFileReference; fileEncoding = 4; lastKnownFileType = sourcecode.c.objc; name = Application.m; path = ../Top100/Application.m; sourceTree = "<group>"; };
		BEB4DC321A8B3DF800D047B9 /* Application+Create.h */ = {isa = PBXFileReference; fileEncoding = 4; lastKnownFileType = sourcecode.c.h; name = "Application+Create.h"; path = "../Top100/Application+Create.h"; sourceTree = "<group>"; };
		BEB4DC331A8B3DF800D047B9 /* Application+Create.m */ = {isa = PBXFileReference; fileEncoding = 4; lastKnownFileType = sourcecode.c.objc; name = "Application+Create.m"; path = "../Top100/Application+Create.m"; sourceTree = "<group>"; };
		BEB4DC351A8B3E0800D047B9 /* Application+Delete.h */ = {isa = PBXFileReference; fileEncoding = 4; lastKnownFileType = sourcecode.c.h; name = "Application+Delete.h"; path = "../Top100/Application+Delete.h"; sourceTree = "<group>"; };
		BEB4DC361A8B3E0800D047B9 /* Application+Delete.m */ = {isa = PBXFileReference; fileEncoding = 4; lastKnownFileType = sourcecode.c.objc; name = "Application+Delete.m"; path = "../Top100/Application+Delete.m"; sourceTree = "<group>"; };
		BEDB6C391A8A9B4300FB73BE /* Top100.app */ = {isa = PBXFileReference; explicitFileType = wrapper.application; includeInIndex = 0; path = Top100.app; sourceTree = BUILT_PRODUCTS_DIR; };
		BEDB6C3D1A8A9B4300FB73BE /* Info.plist */ = {isa = PBXFileReference; lastKnownFileType = text.plist.xml; path = Info.plist; sourceTree = "<group>"; };
		BEDB6C3E1A8A9B4300FB73BE /* main.m */ = {isa = PBXFileReference; lastKnownFileType = sourcecode.c.objc; path = main.m; sourceTree = "<group>"; };
		BEDB6C401A8A9B4300FB73BE /* AppDelegate.h */ = {isa = PBXFileReference; lastKnownFileType = sourcecode.c.h; path = AppDelegate.h; sourceTree = "<group>"; };
		BEDB6C411A8A9B4300FB73BE /* AppDelegate.m */ = {isa = PBXFileReference; lastKnownFileType = sourcecode.c.objc; path = AppDelegate.m; sourceTree = "<group>"; };
		BEDB6C441A8A9B4300FB73BE /* Top100.xcdatamodel */ = {isa = PBXFileReference; lastKnownFileType = wrapper.xcdatamodel; path = Top100.xcdatamodel; sourceTree = "<group>"; };
		BEDB6C461A8A9B4300FB73BE /* MasterViewController.h */ = {isa = PBXFileReference; lastKnownFileType = sourcecode.c.h; path = MasterViewController.h; sourceTree = "<group>"; };
		BEDB6C471A8A9B4300FB73BE /* MasterViewController.m */ = {isa = PBXFileReference; lastKnownFileType = sourcecode.c.objc; path = MasterViewController.m; sourceTree = "<group>"; };
		BEDB6C491A8A9B4300FB73BE /* DetailViewController.h */ = {isa = PBXFileReference; lastKnownFileType = sourcecode.c.h; path = DetailViewController.h; sourceTree = "<group>"; };
		BEDB6C4A1A8A9B4300FB73BE /* DetailViewController.m */ = {isa = PBXFileReference; lastKnownFileType = sourcecode.c.objc; path = DetailViewController.m; sourceTree = "<group>"; };
		BEDB6C4D1A8A9B4300FB73BE /* Base */ = {isa = PBXFileReference; lastKnownFileType = file.storyboard; name = Base; path = Base.lproj/Main.storyboard; sourceTree = "<group>"; };
		BEDB6C4F1A8A9B4300FB73BE /* Images.xcassets */ = {isa = PBXFileReference; lastKnownFileType = folder.assetcatalog; path = Images.xcassets; sourceTree = "<group>"; };
		BEDB6C521A8A9B4300FB73BE /* Base */ = {isa = PBXFileReference; lastKnownFileType = file.xib; name = Base; path = Base.lproj/LaunchScreen.xib; sourceTree = "<group>"; };
		BEDB6C581A8A9B4400FB73BE /* Top100Tests.xctest */ = {isa = PBXFileReference; explicitFileType = wrapper.cfbundle; includeInIndex = 0; path = Top100Tests.xctest; sourceTree = BUILT_PRODUCTS_DIR; };
		BEDB6C5D1A8A9B4400FB73BE /* Info.plist */ = {isa = PBXFileReference; lastKnownFileType = text.plist.xml; path = Info.plist; sourceTree = "<group>"; };
		BEDB6C5E1A8A9B4400FB73BE /* Top100PerformanceTests.m */ = {isa = PBXFileReference; lastKnownFileType = sourcecode.c.objc; path = Top100PerformanceTests.m; sourceTree = "<group>"; };
/* End PBXFileReference section */

/* Begin PBXFrameworksBuildPhase section */
		BE7C40A11AC7ED7F00B7EA81 /* Frameworks */ = {
			isa = PBXFrameworksBuildPhase;
			buildActionMask = 2147483647;
			files = (
				BEA663551AC9F0880021AC9F /* DataShareKit.framework in Frameworks */,
			);
			runOnlyForDeploymentPostprocessing = 0;
		};
		BE7C40D01AC805CE00B7EA81 /* Frameworks */ = {
			isa = PBXFrameworksBuildPhase;
			buildActionMask = 2147483647;
			files = (
			);
			runOnlyForDeploymentPostprocessing = 0;
		};
		BE7C40DB1AC805CE00B7EA81 /* Frameworks */ = {
			isa = PBXFrameworksBuildPhase;
			buildActionMask = 2147483647;
			files = (
				BE7C40DF1AC805CE00B7EA81 /* DataShareKit.framework in Frameworks */,
			);
			runOnlyForDeploymentPostprocessing = 0;
		};
		BEDB6C361A8A9B4300FB73BE /* Frameworks */ = {
			isa = PBXFrameworksBuildPhase;
			buildActionMask = 2147483647;
			files = (
				BE7C40EB1AC805CE00B7EA81 /* DataShareKit.framework in Frameworks */,
			);
			runOnlyForDeploymentPostprocessing = 0;
		};
		BEDB6C551A8A9B4400FB73BE /* Frameworks */ = {
			isa = PBXFrameworksBuildPhase;
			buildActionMask = 2147483647;
			files = (
			);
			runOnlyForDeploymentPostprocessing = 0;
		};
/* End PBXFrameworksBuildPhase section */

/* Begin PBXGroup section */
		BE7C40A51AC7ED7F00B7EA81 /* Top100 WatchKit Extension */ = {
			isa = PBXGroup;
			children = (
				BE7C40F81AC821C400B7EA81 /* Top100 WatchKit Extension.entitlements */,
				BE7C40A91AC7ED7F00B7EA81 /* InterfaceController.h */,
				BE7C40AA1AC7ED7F00B7EA81 /* InterfaceController.m */,
				BE7C40F41AC8067300B7EA81 /* DetailInterfaceController.h */,
				BE7C40F51AC8067300B7EA81 /* DetailInterfaceController.m */,
				ADA958021ACEFEAA00D9C783 /* AnimationImageInterfaceController.h */,
				ADA958031ACEFEAA00D9C783 /* AnimationImageInterfaceController.m */,
				BE7C40CC1AC7EDFD00B7EA81 /* ApplicationRowController.h */,
				BE7C40CD1AC7EDFD00B7EA81 /* ApplicationRowController.m */,
				BE7C40AC1AC7ED7F00B7EA81 /* NotificationController.h */,
				BE7C40AD1AC7ED7F00B7EA81 /* NotificationController.m */,
				BE7C40AF1AC7ED7F00B7EA81 /* GlanceController.h */,
				BE7C40B01AC7ED7F00B7EA81 /* GlanceController.m */,
				BE7C40B21AC7ED7F00B7EA81 /* Images.xcassets */,
				BE7C40A61AC7ED7F00B7EA81 /* Supporting Files */,
			);
			path = "Top100 WatchKit Extension";
			sourceTree = "<group>";
		};
		BE7C40A61AC7ED7F00B7EA81 /* Supporting Files */ = {
			isa = PBXGroup;
			children = (
				BE7C40A71AC7ED7F00B7EA81 /* Info.plist */,
				BE7C40A81AC7ED7F00B7EA81 /* PushNotificationPayload.apns */,
			);
			name = "Supporting Files";
			sourceTree = "<group>";
		};
		BE7C40BA1AC7ED8000B7EA81 /* Top100 WatchKit App */ = {
			isa = PBXGroup;
			children = (
				BE7C40BD1AC7ED8000B7EA81 /* Interface.storyboard */,
				BE7C40C01AC7ED8000B7EA81 /* Images.xcassets */,
				BE7C40BB1AC7ED8000B7EA81 /* Supporting Files */,
			);
			path = "Top100 WatchKit App";
			sourceTree = "<group>";
		};
		BE7C40BB1AC7ED8000B7EA81 /* Supporting Files */ = {
			isa = PBXGroup;
			children = (
				BE7C40BC1AC7ED8000B7EA81 /* Info.plist */,
			);
			name = "Supporting Files";
			sourceTree = "<group>";
		};
		BE7C40D51AC805CE00B7EA81 /* DataShareKit */ = {
			isa = PBXGroup;
			children = (
				BE7C40D81AC805CE00B7EA81 /* DataShareKit.h */,
				BE9D818C1A8C910D009D8C80 /* ContextsManager.h */,
				BE9D818D1A8C910D009D8C80 /* ContextsManager.m */,
				BE90A6201A8D4663001F4988 /* Constants.h */,
				BE90A6211A8D4663001F4988 /* Constants.m */,
				BEB4DC2C1A8B3CF800D047B9 /* Application.h */,
				BEB4DC2D1A8B3CF800D047B9 /* Application.m */,
				BEB4DC321A8B3DF800D047B9 /* Application+Create.h */,
				BEB4DC331A8B3DF800D047B9 /* Application+Create.m */,
				BEB4DC351A8B3E0800D047B9 /* Application+Delete.h */,
				BEB4DC361A8B3E0800D047B9 /* Application+Delete.m */,
				BE7C40D61AC805CE00B7EA81 /* Supporting Files */,
			);
			path = DataShareKit;
			sourceTree = "<group>";
		};
		BE7C40D61AC805CE00B7EA81 /* Supporting Files */ = {
			isa = PBXGroup;
			children = (
				BE7C40D71AC805CE00B7EA81 /* Info.plist */,
			);
			name = "Supporting Files";
			sourceTree = "<group>";
		};
		BE7C40E41AC805CE00B7EA81 /* DataShareKitTests */ = {
			isa = PBXGroup;
			children = (
				BE7C40E71AC805CE00B7EA81 /* DataShareKitTests.m */,
				BE7C40E51AC805CE00B7EA81 /* Supporting Files */,
			);
			path = DataShareKitTests;
			sourceTree = "<group>";
		};
		BE7C40E51AC805CE00B7EA81 /* Supporting Files */ = {
			isa = PBXGroup;
			children = (
				BE7C40E61AC805CE00B7EA81 /* Info.plist */,
			);
			name = "Supporting Files";
			sourceTree = "<group>";
		};
		BEDB6C301A8A9B4300FB73BE = {
			isa = PBXGroup;
			children = (
				BEDB6C3B1A8A9B4300FB73BE /* Top100 */,
				BEDB6C5B1A8A9B4400FB73BE /* Top100Tests */,
				BE7C40A51AC7ED7F00B7EA81 /* Top100 WatchKit Extension */,
				BE7C40BA1AC7ED8000B7EA81 /* Top100 WatchKit App */,
				BE7C40D51AC805CE00B7EA81 /* DataShareKit */,
				BE7C40E41AC805CE00B7EA81 /* DataShareKitTests */,
				BEDB6C3A1A8A9B4300FB73BE /* Products */,
			);
			sourceTree = "<group>";
		};
		BEDB6C3A1A8A9B4300FB73BE /* Products */ = {
			isa = PBXGroup;
			children = (
				BEDB6C391A8A9B4300FB73BE /* Top100.app */,
				BEDB6C581A8A9B4400FB73BE /* Top100Tests.xctest */,
				BE7C40A41AC7ED7F00B7EA81 /* Top100 WatchKit Extension.appex */,
				BE7C40B61AC7ED8000B7EA81 /* Top100 WatchKit App.app */,
				BE7C40D41AC805CE00B7EA81 /* DataShareKit.framework */,
				BE7C40DE1AC805CE00B7EA81 /* DataShareKitTests.xctest */,
			);
			name = Products;
			sourceTree = "<group>";
		};
		BEDB6C3B1A8A9B4300FB73BE /* Top100 */ = {
			isa = PBXGroup;
			children = (
				BE7C40F71AC821B900B7EA81 /* Top100.entitlements */,
				BEDB6C401A8A9B4300FB73BE /* AppDelegate.h */,
				BEDB6C411A8A9B4300FB73BE /* AppDelegate.m */,
				BEDB6C6A1A8AA06A00FB73BE /* Model */,
				BEDB6C691A8AA05500FB73BE /* View */,
				BEDB6C681A8AA04800FB73BE /* Controller */,
				BEDB6C4F1A8A9B4300FB73BE /* Images.xcassets */,
				BEDB6C3C1A8A9B4300FB73BE /* Supporting Files */,
			);
			path = Top100;
			sourceTree = "<group>";
		};
		BEDB6C3C1A8A9B4300FB73BE /* Supporting Files */ = {
			isa = PBXGroup;
			children = (
				AD5768031A8D149A0023E7D7 /* Top100Apps.json */,
				BEDB6C3D1A8A9B4300FB73BE /* Info.plist */,
				BEDB6C3E1A8A9B4300FB73BE /* main.m */,
			);
			name = "Supporting Files";
			sourceTree = "<group>";
		};
		BEDB6C5B1A8A9B4400FB73BE /* Top100Tests */ = {
			isa = PBXGroup;
			children = (
				BEDB6C5E1A8A9B4400FB73BE /* Top100PerformanceTests.m */,
				AD5768011A8D12050023E7D7 /* JSONFromURL.h */,
				AD5767FF1A8D11E20023E7D7 /* JSONFromURL.m */,
				AD5768021A8D136B0023E7D7 /* ContextsManagerTests.h */,
				AD5767FA1A8CD8660023E7D7 /* ContextsManagerTests.m */,
				BEDB6C5C1A8A9B4400FB73BE /* Supporting Files */,
			);
			path = Top100Tests;
			sourceTree = "<group>";
		};
		BEDB6C5C1A8A9B4400FB73BE /* Supporting Files */ = {
			isa = PBXGroup;
			children = (
				BEDB6C5D1A8A9B4400FB73BE /* Info.plist */,
			);
			name = "Supporting Files";
			sourceTree = "<group>";
		};
		BEDB6C681A8AA04800FB73BE /* Controller */ = {
			isa = PBXGroup;
			children = (
				BEDB6C461A8A9B4300FB73BE /* MasterViewController.h */,
				BEDB6C471A8A9B4300FB73BE /* MasterViewController.m */,
				BEDB6C491A8A9B4300FB73BE /* DetailViewController.h */,
				BEDB6C4A1A8A9B4300FB73BE /* DetailViewController.m */,
				AD5767F31A8CCECB0023E7D7 /* FetchResultsTableViewController.h */,
				AD5767F41A8CCECB0023E7D7 /* FetchResultsTableViewController.m */,
			);
			name = Controller;
			sourceTree = "<group>";
		};
		BEDB6C691A8AA05500FB73BE /* View */ = {
			isa = PBXGroup;
			children = (
				BEDB6C4C1A8A9B4300FB73BE /* Main.storyboard */,
				BEDB6C511A8A9B4300FB73BE /* LaunchScreen.xib */,
				BE90A61D1A8D44EC001F4988 /* AppTableViewCell.h */,
				BE90A61E1A8D44EC001F4988 /* AppTableViewCell.m */,
				AD5767FC1A8CF5260023E7D7 /* DetailTransition.h */,
				AD5767FD1A8CF5260023E7D7 /* DetailTransition.m */,
				BE90A61A1A8D2E47001F4988 /* CustomGradientNavigationBar.h */,
				BE90A61B1A8D2E47001F4988 /* CustomGradientNavigationBar.m */,
			);
			name = View;
			sourceTree = "<group>";
		};
		BEDB6C6A1A8AA06A00FB73BE /* Model */ = {
			isa = PBXGroup;
			children = (
				BEDB6C431A8A9B4300FB73BE /* Top100.xcdatamodeld */,
			);
			name = Model;
			sourceTree = "<group>";
		};
/* End PBXGroup section */

/* Begin PBXHeadersBuildPhase section */
		BE7C40D11AC805CE00B7EA81 /* Headers */ = {
			isa = PBXHeadersBuildPhase;
			buildActionMask = 2147483647;
			files = (
				BEA6635B1AC9F19C0021AC9F /* Application+Create.h in Headers */,
				BEA663561AC9F0D00021AC9F /* ContextsManager.h in Headers */,
				BEA6635D1AC9F1A50021AC9F /* Application+Delete.h in Headers */,
				BE7C40D91AC805CE00B7EA81 /* DataShareKit.h in Headers */,
				BEA663571AC9F1840021AC9F /* Constants.h in Headers */,
				BEA663591AC9F18D0021AC9F /* Application.h in Headers */,
			);
			runOnlyForDeploymentPostprocessing = 0;
		};
/* End PBXHeadersBuildPhase section */

/* Begin PBXNativeTarget section */
		BE7C40A31AC7ED7F00B7EA81 /* Top100 WatchKit Extension */ = {
			isa = PBXNativeTarget;
			buildConfigurationList = BE7C40C81AC7ED8000B7EA81 /* Build configuration list for PBXNativeTarget "Top100 WatchKit Extension" */;
			buildPhases = (
				BE7C40A01AC7ED7F00B7EA81 /* Sources */,
				BE7C40A11AC7ED7F00B7EA81 /* Frameworks */,
				BE7C40A21AC7ED7F00B7EA81 /* Resources */,
			);
			buildRules = (
			);
			dependencies = (
				BE7C40B91AC7ED8000B7EA81 /* PBXTargetDependency */,
			);
			name = "Top100 WatchKit Extension";
			productName = "Top100 WatchKit Extension";
			productReference = BE7C40A41AC7ED7F00B7EA81 /* Top100 WatchKit Extension.appex */;
			productType = "com.apple.product-type.watchkit-extension";
		};
		BE7C40B51AC7ED8000B7EA81 /* Top100 WatchKit App */ = {
			isa = PBXNativeTarget;
			buildConfigurationList = BE7C40C51AC7ED8000B7EA81 /* Build configuration list for PBXNativeTarget "Top100 WatchKit App" */;
			buildPhases = (
				BE7C40B41AC7ED8000B7EA81 /* Resources */,
			);
			buildRules = (
			);
			dependencies = (
			);
			name = "Top100 WatchKit App";
			productName = "Top100 WatchKit App";
			productReference = BE7C40B61AC7ED8000B7EA81 /* Top100 WatchKit App.app */;
			productType = "com.apple.product-type.application.watchapp";
		};
		BE7C40D31AC805CE00B7EA81 /* DataShareKit */ = {
			isa = PBXNativeTarget;
			buildConfigurationList = BE7C40ED1AC805CE00B7EA81 /* Build configuration list for PBXNativeTarget "DataShareKit" */;
			buildPhases = (
				BE7C40CF1AC805CE00B7EA81 /* Sources */,
				BE7C40D01AC805CE00B7EA81 /* Frameworks */,
				BE7C40D11AC805CE00B7EA81 /* Headers */,
				BE7C40D21AC805CE00B7EA81 /* Resources */,
			);
			buildRules = (
			);
			dependencies = (
			);
			name = DataShareKit;
			productName = DataShareKit;
			productReference = BE7C40D41AC805CE00B7EA81 /* DataShareKit.framework */;
			productType = "com.apple.product-type.framework";
		};
		BE7C40DD1AC805CE00B7EA81 /* DataShareKitTests */ = {
			isa = PBXNativeTarget;
			buildConfigurationList = BE7C40F11AC805CE00B7EA81 /* Build configuration list for PBXNativeTarget "DataShareKitTests" */;
			buildPhases = (
				BE7C40DA1AC805CE00B7EA81 /* Sources */,
				BE7C40DB1AC805CE00B7EA81 /* Frameworks */,
				BE7C40DC1AC805CE00B7EA81 /* Resources */,
			);
			buildRules = (
			);
			dependencies = (
				BE7C40E11AC805CE00B7EA81 /* PBXTargetDependency */,
				BE7C40E31AC805CE00B7EA81 /* PBXTargetDependency */,
			);
			name = DataShareKitTests;
			productName = DataShareKitTests;
			productReference = BE7C40DE1AC805CE00B7EA81 /* DataShareKitTests.xctest */;
			productType = "com.apple.product-type.bundle.unit-test";
		};
		BEDB6C381A8A9B4300FB73BE /* Top100 */ = {
			isa = PBXNativeTarget;
			buildConfigurationList = BEDB6C621A8A9B4400FB73BE /* Build configuration list for PBXNativeTarget "Top100" */;
			buildPhases = (
				BEDB6C351A8A9B4300FB73BE /* Sources */,
				BEDB6C361A8A9B4300FB73BE /* Frameworks */,
				BEDB6C371A8A9B4300FB73BE /* Resources */,
				BE7C40CB1AC7ED8000B7EA81 /* Embed App Extensions */,
				BE7C40F01AC805CE00B7EA81 /* Embed Frameworks */,
			);
			buildRules = (
			);
			dependencies = (
				BE7C40C31AC7ED8000B7EA81 /* PBXTargetDependency */,
				BE7C40EA1AC805CE00B7EA81 /* PBXTargetDependency */,
			);
			name = Top100;
			productName = Top100;
			productReference = BEDB6C391A8A9B4300FB73BE /* Top100.app */;
			productType = "com.apple.product-type.application";
		};
		BEDB6C571A8A9B4400FB73BE /* Top100Tests */ = {
			isa = PBXNativeTarget;
			buildConfigurationList = BEDB6C651A8A9B4400FB73BE /* Build configuration list for PBXNativeTarget "Top100Tests" */;
			buildPhases = (
				BEDB6C541A8A9B4400FB73BE /* Sources */,
				BEDB6C551A8A9B4400FB73BE /* Frameworks */,
				BEDB6C561A8A9B4400FB73BE /* Resources */,
			);
			buildRules = (
			);
			dependencies = (
				BEDB6C5A1A8A9B4400FB73BE /* PBXTargetDependency */,
			);
			name = Top100Tests;
			productName = Top100Tests;
			productReference = BEDB6C581A8A9B4400FB73BE /* Top100Tests.xctest */;
			productType = "com.apple.product-type.bundle.unit-test";
		};
/* End PBXNativeTarget section */

/* Begin PBXProject section */
		BEDB6C311A8A9B4300FB73BE /* Project object */ = {
			isa = PBXProject;
			attributes = {
				LastUpgradeCheck = 0610;
				ORGANIZATIONNAME = "Todor Brachkov";
				TargetAttributes = {
					BE7C40A31AC7ED7F00B7EA81 = {
						CreatedOnToolsVersion = 6.2;
						DevelopmentTeam = M352RPT82H;
						SystemCapabilities = {
							com.apple.ApplicationGroups.iOS = {
								enabled = 1;
							};
						};
					};
					BE7C40B51AC7ED8000B7EA81 = {
						CreatedOnToolsVersion = 6.2;
						DevelopmentTeam = M352RPT82H;
					};
					BE7C40D31AC805CE00B7EA81 = {
						CreatedOnToolsVersion = 6.2;
						DevelopmentTeam = M352RPT82H;
					};
					BE7C40DD1AC805CE00B7EA81 = {
						CreatedOnToolsVersion = 6.2;
						TestTargetID = BEDB6C381A8A9B4300FB73BE;
					};
					BEDB6C381A8A9B4300FB73BE = {
						CreatedOnToolsVersion = 6.1.1;
						DevelopmentTeam = M352RPT82H;
						SystemCapabilities = {
							com.apple.ApplicationGroups.iOS = {
								enabled = 1;
							};
						};
					};
					BEDB6C571A8A9B4400FB73BE = {
						CreatedOnToolsVersion = 6.1.1;
						TestTargetID = BEDB6C381A8A9B4300FB73BE;
					};
				};
			};
			buildConfigurationList = BEDB6C341A8A9B4300FB73BE /* Build configuration list for PBXProject "Top100" */;
			compatibilityVersion = "Xcode 3.2";
			developmentRegion = English;
			hasScannedForEncodings = 0;
			knownRegions = (
				en,
				Base,
			);
			mainGroup = BEDB6C301A8A9B4300FB73BE;
			productRefGroup = BEDB6C3A1A8A9B4300FB73BE /* Products */;
			projectDirPath = "";
			projectRoot = "";
			targets = (
				BEDB6C381A8A9B4300FB73BE /* Top100 */,
				BEDB6C571A8A9B4400FB73BE /* Top100Tests */,
				BE7C40A31AC7ED7F00B7EA81 /* Top100 WatchKit Extension */,
				BE7C40B51AC7ED8000B7EA81 /* Top100 WatchKit App */,
				BE7C40D31AC805CE00B7EA81 /* DataShareKit */,
				BE7C40DD1AC805CE00B7EA81 /* DataShareKitTests */,
			);
		};
/* End PBXProject section */

/* Begin PBXResourcesBuildPhase section */
		BE7C40A21AC7ED7F00B7EA81 /* Resources */ = {
			isa = PBXResourcesBuildPhase;
			buildActionMask = 2147483647;
			files = (
				BE7C40B71AC7ED8000B7EA81 /* Top100 WatchKit App.app in Resources */,
				BE7C40B31AC7ED7F00B7EA81 /* Images.xcassets in Resources */,
			);
			runOnlyForDeploymentPostprocessing = 0;
		};
		BE7C40B41AC7ED8000B7EA81 /* Resources */ = {
			isa = PBXResourcesBuildPhase;
			buildActionMask = 2147483647;
			files = (
				BE7C40BF1AC7ED8000B7EA81 /* Interface.storyboard in Resources */,
				BE7C40C11AC7ED8000B7EA81 /* Images.xcassets in Resources */,
			);
			runOnlyForDeploymentPostprocessing = 0;
		};
		BE7C40D21AC805CE00B7EA81 /* Resources */ = {
			isa = PBXResourcesBuildPhase;
			buildActionMask = 2147483647;
			files = (
			);
			runOnlyForDeploymentPostprocessing = 0;
		};
		BE7C40DC1AC805CE00B7EA81 /* Resources */ = {
			isa = PBXResourcesBuildPhase;
			buildActionMask = 2147483647;
			files = (
			);
			runOnlyForDeploymentPostprocessing = 0;
		};
		BEDB6C371A8A9B4300FB73BE /* Resources */ = {
			isa = PBXResourcesBuildPhase;
			buildActionMask = 2147483647;
			files = (
				BEDB6C4E1A8A9B4300FB73BE /* Main.storyboard in Resources */,
				BEDB6C531A8A9B4300FB73BE /* LaunchScreen.xib in Resources */,
				BEDB6C501A8A9B4300FB73BE /* Images.xcassets in Resources */,
				AD5768041A8D149A0023E7D7 /* Top100Apps.json in Resources */,
			);
			runOnlyForDeploymentPostprocessing = 0;
		};
		BEDB6C561A8A9B4400FB73BE /* Resources */ = {
			isa = PBXResourcesBuildPhase;
			buildActionMask = 2147483647;
			files = (
			);
			runOnlyForDeploymentPostprocessing = 0;
		};
/* End PBXResourcesBuildPhase section */

/* Begin PBXSourcesBuildPhase section */
		BE7C40A01AC7ED7F00B7EA81 /* Sources */ = {
			isa = PBXSourcesBuildPhase;
			buildActionMask = 2147483647;
			files = (
				BE7C40AE1AC7ED7F00B7EA81 /* NotificationController.m in Sources */,
				BE7C40CE1AC7EDFD00B7EA81 /* ApplicationRowController.m in Sources */,
				ADA958041ACEFEAA00D9C783 /* AnimationImageInterfaceController.m in Sources */,
				BE7C40F61AC8067300B7EA81 /* DetailInterfaceController.m in Sources */,
				BE7C40AB1AC7ED7F00B7EA81 /* InterfaceController.m in Sources */,
				BE7C40B11AC7ED7F00B7EA81 /* GlanceController.m in Sources */,
				BEA663501AC9E5060021AC9F /* Top100.xcdatamodeld in Sources */,
			);
			runOnlyForDeploymentPostprocessing = 0;
		};
		BE7C40CF1AC805CE00B7EA81 /* Sources */ = {
			isa = PBXSourcesBuildPhase;
			buildActionMask = 2147483647;
			files = (
				BEA6635A1AC9F1920021AC9F /* Application.m in Sources */,
				BEA6634F1AC9E31E0021AC9F /* ContextsManager.m in Sources */,
				BEA6635C1AC9F1A00021AC9F /* Application+Create.m in Sources */,
				BEA6635E1AC9F1A90021AC9F /* Application+Delete.m in Sources */,
				BEA663581AC9F1880021AC9F /* Constants.m in Sources */,
			);
			runOnlyForDeploymentPostprocessing = 0;
		};
		BE7C40DA1AC805CE00B7EA81 /* Sources */ = {
			isa = PBXSourcesBuildPhase;
			buildActionMask = 2147483647;
			files = (
				BE7C40E81AC805CE00B7EA81 /* DataShareKitTests.m in Sources */,
			);
			runOnlyForDeploymentPostprocessing = 0;
		};
		BEDB6C351A8A9B4300FB73BE /* Sources */ = {
			isa = PBXSourcesBuildPhase;
			buildActionMask = 2147483647;
			files = (
				BE90A61F1A8D44EC001F4988 /* AppTableViewCell.m in Sources */,
				BEDB6C4B1A8A9B4300FB73BE /* DetailViewController.m in Sources */,
				AD5767F51A8CCECB0023E7D7 /* FetchResultsTableViewController.m in Sources */,
				BEDB6C481A8A9B4300FB73BE /* MasterViewController.m in Sources */,
				BEDB6C421A8A9B4300FB73BE /* AppDelegate.m in Sources */,
				AD5767FE1A8CF5260023E7D7 /* DetailTransition.m in Sources */,
				BEDB6C3F1A8A9B4300FB73BE /* main.m in Sources */,
				BE90A61C1A8D2E47001F4988 /* CustomGradientNavigationBar.m in Sources */,
				BEDB6C451A8A9B4300FB73BE /* Top100.xcdatamodeld in Sources */,
			);
			runOnlyForDeploymentPostprocessing = 0;
		};
		BEDB6C541A8A9B4400FB73BE /* Sources */ = {
			isa = PBXSourcesBuildPhase;
			buildActionMask = 2147483647;
			files = (
				BEDB6C5F1A8A9B4400FB73BE /* Top100PerformanceTests.m in Sources */,
				AD5767FB1A8CD8660023E7D7 /* ContextsManagerTests.m in Sources */,
				AD5768001A8D11E20023E7D7 /* JSONFromURL.m in Sources */,
			);
			runOnlyForDeploymentPostprocessing = 0;
		};
/* End PBXSourcesBuildPhase section */

/* Begin PBXTargetDependency section */
		BE7C40B91AC7ED8000B7EA81 /* PBXTargetDependency */ = {
			isa = PBXTargetDependency;
			target = BE7C40B51AC7ED8000B7EA81 /* Top100 WatchKit App */;
			targetProxy = BE7C40B81AC7ED8000B7EA81 /* PBXContainerItemProxy */;
		};
		BE7C40C31AC7ED8000B7EA81 /* PBXTargetDependency */ = {
			isa = PBXTargetDependency;
			target = BE7C40A31AC7ED7F00B7EA81 /* Top100 WatchKit Extension */;
			targetProxy = BE7C40C21AC7ED8000B7EA81 /* PBXContainerItemProxy */;
		};
		BE7C40E11AC805CE00B7EA81 /* PBXTargetDependency */ = {
			isa = PBXTargetDependency;
			target = BE7C40D31AC805CE00B7EA81 /* DataShareKit */;
			targetProxy = BE7C40E01AC805CE00B7EA81 /* PBXContainerItemProxy */;
		};
		BE7C40E31AC805CE00B7EA81 /* PBXTargetDependency */ = {
			isa = PBXTargetDependency;
			target = BEDB6C381A8A9B4300FB73BE /* Top100 */;
			targetProxy = BE7C40E21AC805CE00B7EA81 /* PBXContainerItemProxy */;
		};
		BE7C40EA1AC805CE00B7EA81 /* PBXTargetDependency */ = {
			isa = PBXTargetDependency;
			target = BE7C40D31AC805CE00B7EA81 /* DataShareKit */;
			targetProxy = BE7C40E91AC805CE00B7EA81 /* PBXContainerItemProxy */;
		};
		BEDB6C5A1A8A9B4400FB73BE /* PBXTargetDependency */ = {
			isa = PBXTargetDependency;
			target = BEDB6C381A8A9B4300FB73BE /* Top100 */;
			targetProxy = BEDB6C591A8A9B4400FB73BE /* PBXContainerItemProxy */;
		};
/* End PBXTargetDependency section */

/* Begin PBXVariantGroup section */
		BE7C40BD1AC7ED8000B7EA81 /* Interface.storyboard */ = {
			isa = PBXVariantGroup;
			children = (
				BE7C40BE1AC7ED8000B7EA81 /* Base */,
			);
			name = Interface.storyboard;
			sourceTree = "<group>";
		};
		BEDB6C4C1A8A9B4300FB73BE /* Main.storyboard */ = {
			isa = PBXVariantGroup;
			children = (
				BEDB6C4D1A8A9B4300FB73BE /* Base */,
			);
			name = Main.storyboard;
			sourceTree = "<group>";
		};
		BEDB6C511A8A9B4300FB73BE /* LaunchScreen.xib */ = {
			isa = PBXVariantGroup;
			children = (
				BEDB6C521A8A9B4300FB73BE /* Base */,
			);
			name = LaunchScreen.xib;
			sourceTree = "<group>";
		};
/* End PBXVariantGroup section */

/* Begin XCBuildConfiguration section */
		BE7C40C61AC7ED8000B7EA81 /* Debug */ = {
			isa = XCBuildConfiguration;
			buildSettings = {
				ASSETCATALOG_COMPILER_APPICON_NAME = AppIcon;
				CODE_SIGN_IDENTITY = "iPhone Developer";
				GCC_PREPROCESSOR_DEFINITIONS = (
					"DEBUG=1",
					"$(inherited)",
				);
				IBSC_MODULE = Top100_WatchKit_Extension;
				INFOPLIST_FILE = "Top100 WatchKit App/Info.plist";
				IPHONEOS_DEPLOYMENT_TARGET = 8.2;
				PRODUCT_NAME = "$(TARGET_NAME)";
				SKIP_INSTALL = YES;
				TARGETED_DEVICE_FAMILY = 4;
				"TARGETED_DEVICE_FAMILY[sdk=iphonesimulator*]" = "1,4";
			};
			name = Debug;
		};
		BE7C40C71AC7ED8000B7EA81 /* Release */ = {
			isa = XCBuildConfiguration;
			buildSettings = {
				ASSETCATALOG_COMPILER_APPICON_NAME = AppIcon;
				CODE_SIGN_IDENTITY = "iPhone Developer";
				COPY_PHASE_STRIP = NO;
				IBSC_MODULE = Top100_WatchKit_Extension;
				INFOPLIST_FILE = "Top100 WatchKit App/Info.plist";
				IPHONEOS_DEPLOYMENT_TARGET = 8.2;
				PRODUCT_NAME = "$(TARGET_NAME)";
				SKIP_INSTALL = YES;
				TARGETED_DEVICE_FAMILY = 4;
				"TARGETED_DEVICE_FAMILY[sdk=iphonesimulator*]" = "1,4";
			};
			name = Release;
		};
		BE7C40C91AC7ED8000B7EA81 /* Debug */ = {
			isa = XCBuildConfiguration;
			buildSettings = {
				CODE_SIGN_ENTITLEMENTS = "Top100 WatchKit Extension/Top100 WatchKit Extension.entitlements";
				CODE_SIGN_IDENTITY = "iPhone Developer: Todor Brachkov (72MZ986QHL)";
				"CODE_SIGN_IDENTITY[sdk=iphoneos*]" = "iPhone Developer";
				GCC_PREPROCESSOR_DEFINITIONS = (
					"DEBUG=1",
					"$(inherited)",
				);
				INFOPLIST_FILE = "Top100 WatchKit Extension/Info.plist";
				IPHONEOS_DEPLOYMENT_TARGET = 8.2;
				LD_RUNPATH_SEARCH_PATHS = "$(inherited) @executable_path/Frameworks @executable_path/../../Frameworks";
				PRODUCT_NAME = "${TARGET_NAME}";
				PROVISIONING_PROFILE = "";
				SKIP_INSTALL = YES;
			};
			name = Debug;
		};
		BE7C40CA1AC7ED8000B7EA81 /* Release */ = {
			isa = XCBuildConfiguration;
			buildSettings = {
				CODE_SIGN_ENTITLEMENTS = "Top100 WatchKit Extension/Top100 WatchKit Extension.entitlements";
				CODE_SIGN_IDENTITY = "iPhone Developer: Todor Brachkov (72MZ986QHL)";
				"CODE_SIGN_IDENTITY[sdk=iphoneos*]" = "iPhone Developer";
				COPY_PHASE_STRIP = NO;
				INFOPLIST_FILE = "Top100 WatchKit Extension/Info.plist";
				IPHONEOS_DEPLOYMENT_TARGET = 8.2;
				LD_RUNPATH_SEARCH_PATHS = "$(inherited) @executable_path/Frameworks @executable_path/../../Frameworks";
				PRODUCT_NAME = "${TARGET_NAME}";
				PROVISIONING_PROFILE = "";
				SKIP_INSTALL = YES;
			};
			name = Release;
		};
		BE7C40EE1AC805CE00B7EA81 /* Debug */ = {
			isa = XCBuildConfiguration;
			buildSettings = {
				CODE_SIGN_IDENTITY = "iPhone Developer";
				CURRENT_PROJECT_VERSION = 1;
				DEFINES_MODULE = YES;
				DYLIB_COMPATIBILITY_VERSION = 1;
				DYLIB_CURRENT_VERSION = 1;
				DYLIB_INSTALL_NAME_BASE = "@rpath";
				GCC_PREPROCESSOR_DEFINITIONS = (
					"DEBUG=1",
					"$(inherited)",
				);
				INFOPLIST_FILE = DataShareKit/Info.plist;
				INSTALL_PATH = "$(LOCAL_LIBRARY_DIR)/Frameworks";
				IPHONEOS_DEPLOYMENT_TARGET = 8.2;
				LD_RUNPATH_SEARCH_PATHS = "$(inherited) @executable_path/Frameworks @loader_path/Frameworks";
				PRODUCT_NAME = "$(TARGET_NAME)";
				SKIP_INSTALL = YES;
				TARGETED_DEVICE_FAMILY = "1,2";
				VERSIONING_SYSTEM = "apple-generic";
				VERSION_INFO_PREFIX = "";
			};
			name = Debug;
		};
		BE7C40EF1AC805CE00B7EA81 /* Release */ = {
			isa = XCBuildConfiguration;
			buildSettings = {
				CODE_SIGN_IDENTITY = "iPhone Developer";
				COPY_PHASE_STRIP = NO;
				CURRENT_PROJECT_VERSION = 1;
				DEFINES_MODULE = YES;
				DYLIB_COMPATIBILITY_VERSION = 1;
				DYLIB_CURRENT_VERSION = 1;
				DYLIB_INSTALL_NAME_BASE = "@rpath";
				INFOPLIST_FILE = DataShareKit/Info.plist;
				INSTALL_PATH = "$(LOCAL_LIBRARY_DIR)/Frameworks";
				IPHONEOS_DEPLOYMENT_TARGET = 8.2;
				LD_RUNPATH_SEARCH_PATHS = "$(inherited) @executable_path/Frameworks @loader_path/Frameworks";
				PRODUCT_NAME = "$(TARGET_NAME)";
				SKIP_INSTALL = YES;
				TARGETED_DEVICE_FAMILY = "1,2";
				VERSIONING_SYSTEM = "apple-generic";
				VERSION_INFO_PREFIX = "";
			};
			name = Release;
		};
		BE7C40F21AC805CE00B7EA81 /* Debug */ = {
			isa = XCBuildConfiguration;
			buildSettings = {
				FRAMEWORK_SEARCH_PATHS = (
					"$(SDKROOT)/Developer/Library/Frameworks",
					"$(inherited)",
				);
				GCC_PREPROCESSOR_DEFINITIONS = (
					"DEBUG=1",
					"$(inherited)",
				);
				INFOPLIST_FILE = DataShareKitTests/Info.plist;
				IPHONEOS_DEPLOYMENT_TARGET = 8.2;
				LD_RUNPATH_SEARCH_PATHS = "$(inherited) @executable_path/Frameworks @loader_path/Frameworks";
				PRODUCT_NAME = "$(TARGET_NAME)";
				TEST_HOST = "$(BUILT_PRODUCTS_DIR)/Top100.app/Top100";
			};
			name = Debug;
		};
		BE7C40F31AC805CE00B7EA81 /* Release */ = {
			isa = XCBuildConfiguration;
			buildSettings = {
				COPY_PHASE_STRIP = NO;
				FRAMEWORK_SEARCH_PATHS = (
					"$(SDKROOT)/Developer/Library/Frameworks",
					"$(inherited)",
				);
				INFOPLIST_FILE = DataShareKitTests/Info.plist;
				IPHONEOS_DEPLOYMENT_TARGET = 8.2;
				LD_RUNPATH_SEARCH_PATHS = "$(inherited) @executable_path/Frameworks @loader_path/Frameworks";
				PRODUCT_NAME = "$(TARGET_NAME)";
				TEST_HOST = "$(BUILT_PRODUCTS_DIR)/Top100.app/Top100";
			};
			name = Release;
		};
		BEDB6C601A8A9B4400FB73BE /* Debug */ = {
			isa = XCBuildConfiguration;
			buildSettings = {
				ALWAYS_SEARCH_USER_PATHS = NO;
				CLANG_CXX_LANGUAGE_STANDARD = "gnu++0x";
				CLANG_CXX_LIBRARY = "libc++";
				CLANG_ENABLE_MODULES = YES;
				CLANG_ENABLE_OBJC_ARC = YES;
				CLANG_WARN_BOOL_CONVERSION = YES;
				CLANG_WARN_CONSTANT_CONVERSION = YES;
				CLANG_WARN_DIRECT_OBJC_ISA_USAGE = YES_ERROR;
				CLANG_WARN_EMPTY_BODY = YES;
				CLANG_WARN_ENUM_CONVERSION = YES;
				CLANG_WARN_INT_CONVERSION = YES;
				CLANG_WARN_OBJC_ROOT_CLASS = YES_ERROR;
				CLANG_WARN_UNREACHABLE_CODE = YES;
				CLANG_WARN__DUPLICATE_METHOD_MATCH = YES;
				"CODE_SIGN_IDENTITY[sdk=iphoneos*]" = "iPhone Developer";
				COPY_PHASE_STRIP = NO;
				ENABLE_STRICT_OBJC_MSGSEND = YES;
				GCC_C_LANGUAGE_STANDARD = gnu99;
				GCC_DYNAMIC_NO_PIC = NO;
				GCC_OPTIMIZATION_LEVEL = 0;
				GCC_PREPROCESSOR_DEFINITIONS = (
					"DEBUG=1",
					"$(inherited)",
				);
				GCC_SYMBOLS_PRIVATE_EXTERN = NO;
				GCC_WARN_64_TO_32_BIT_CONVERSION = YES;
				GCC_WARN_ABOUT_RETURN_TYPE = YES_ERROR;
				GCC_WARN_UNDECLARED_SELECTOR = YES;
				GCC_WARN_UNINITIALIZED_AUTOS = YES_AGGRESSIVE;
				GCC_WARN_UNUSED_FUNCTION = YES;
				GCC_WARN_UNUSED_VARIABLE = YES;
				IPHONEOS_DEPLOYMENT_TARGET = 8.1;
				MTL_ENABLE_DEBUG_INFO = YES;
				ONLY_ACTIVE_ARCH = YES;
				SDKROOT = iphoneos;
			};
			name = Debug;
		};
		BEDB6C611A8A9B4400FB73BE /* Release */ = {
			isa = XCBuildConfiguration;
			buildSettings = {
				ALWAYS_SEARCH_USER_PATHS = NO;
				CLANG_CXX_LANGUAGE_STANDARD = "gnu++0x";
				CLANG_CXX_LIBRARY = "libc++";
				CLANG_ENABLE_MODULES = YES;
				CLANG_ENABLE_OBJC_ARC = YES;
				CLANG_WARN_BOOL_CONVERSION = YES;
				CLANG_WARN_CONSTANT_CONVERSION = YES;
				CLANG_WARN_DIRECT_OBJC_ISA_USAGE = YES_ERROR;
				CLANG_WARN_EMPTY_BODY = YES;
				CLANG_WARN_ENUM_CONVERSION = YES;
				CLANG_WARN_INT_CONVERSION = YES;
				CLANG_WARN_OBJC_ROOT_CLASS = YES_ERROR;
				CLANG_WARN_UNREACHABLE_CODE = YES;
				CLANG_WARN__DUPLICATE_METHOD_MATCH = YES;
				"CODE_SIGN_IDENTITY[sdk=iphoneos*]" = "iPhone Developer";
				COPY_PHASE_STRIP = YES;
				ENABLE_NS_ASSERTIONS = NO;
				ENABLE_STRICT_OBJC_MSGSEND = YES;
				GCC_C_LANGUAGE_STANDARD = gnu99;
				GCC_WARN_64_TO_32_BIT_CONVERSION = YES;
				GCC_WARN_ABOUT_RETURN_TYPE = YES_ERROR;
				GCC_WARN_UNDECLARED_SELECTOR = YES;
				GCC_WARN_UNINITIALIZED_AUTOS = YES_AGGRESSIVE;
				GCC_WARN_UNUSED_FUNCTION = YES;
				GCC_WARN_UNUSED_VARIABLE = YES;
				IPHONEOS_DEPLOYMENT_TARGET = 8.1;
				MTL_ENABLE_DEBUG_INFO = NO;
				SDKROOT = iphoneos;
				VALIDATE_PRODUCT = YES;
			};
			name = Release;
		};
		BEDB6C631A8A9B4400FB73BE /* Debug */ = {
			isa = XCBuildConfiguration;
			buildSettings = {
				ASSETCATALOG_COMPILER_APPICON_NAME = AppIcon;
				CODE_SIGN_ENTITLEMENTS = Top100/Top100.entitlements;
				CODE_SIGN_IDENTITY = "iPhone Developer: Todor Brachkov (72MZ986QHL)";
				"CODE_SIGN_IDENTITY[sdk=iphoneos*]" = "iPhone Developer";
				FRAMEWORK_SEARCH_PATHS = (
					"$(inherited)",
					"$(DEVELOPER_FRAMEWORKS_DIR)",
				);
				INFOPLIST_FILE = Top100/Info.plist;
				IPHONEOS_DEPLOYMENT_TARGET = 8.2;
				LD_RUNPATH_SEARCH_PATHS = "$(inherited) @executable_path/Frameworks";
				PRODUCT_NAME = "$(TARGET_NAME)";
				PROVISIONING_PROFILE = "";
				VALID_ARCHS = "armv7 armv7s arm64";
			};
			name = Debug;
		};
		BEDB6C641A8A9B4400FB73BE /* Release */ = {
			isa = XCBuildConfiguration;
			buildSettings = {
				ASSETCATALOG_COMPILER_APPICON_NAME = AppIcon;
				CODE_SIGN_ENTITLEMENTS = Top100/Top100.entitlements;
				CODE_SIGN_IDENTITY = "iPhone Developer: Todor Brachkov (72MZ986QHL)";
				"CODE_SIGN_IDENTITY[sdk=iphoneos*]" = "iPhone Developer";
				FRAMEWORK_SEARCH_PATHS = (
					"$(inherited)",
					"$(DEVELOPER_FRAMEWORKS_DIR)",
				);
				INFOPLIST_FILE = Top100/Info.plist;
				IPHONEOS_DEPLOYMENT_TARGET = 8.2;
				LD_RUNPATH_SEARCH_PATHS = "$(inherited) @executable_path/Frameworks";
				PRODUCT_NAME = "$(TARGET_NAME)";
				PROVISIONING_PROFILE = "";
				VALID_ARCHS = "armv7 armv7s arm64";
			};
			name = Release;
		};
		BEDB6C661A8A9B4400FB73BE /* Debug */ = {
			isa = XCBuildConfiguration;
			buildSettings = {
				BUNDLE_LOADER = "$(TEST_HOST)";
				FRAMEWORK_SEARCH_PATHS = (
					"$(SDKROOT)/Developer/Library/Frameworks",
					"$(inherited)",
				);
				GCC_PREPROCESSOR_DEFINITIONS = (
					"DEBUG=1",
					"$(inherited)",
				);
				INFOPLIST_FILE = Top100Tests/Info.plist;
				LD_RUNPATH_SEARCH_PATHS = "$(inherited) @executable_path/Frameworks @loader_path/Frameworks";
				PRODUCT_NAME = "$(TARGET_NAME)";
				TEST_HOST = "$(BUILT_PRODUCTS_DIR)/Top100.app/Top100";
			};
			name = Debug;
		};
		BEDB6C671A8A9B4400FB73BE /* Release */ = {
			isa = XCBuildConfiguration;
			buildSettings = {
				BUNDLE_LOADER = "$(TEST_HOST)";
				FRAMEWORK_SEARCH_PATHS = (
					"$(SDKROOT)/Developer/Library/Frameworks",
					"$(inherited)",
				);
				INFOPLIST_FILE = Top100Tests/Info.plist;
				LD_RUNPATH_SEARCH_PATHS = "$(inherited) @executable_path/Frameworks @loader_path/Frameworks";
				PRODUCT_NAME = "$(TARGET_NAME)";
				TEST_HOST = "$(BUILT_PRODUCTS_DIR)/Top100.app/Top100";
			};
			name = Release;
		};
/* End XCBuildConfiguration section */

/* Begin XCConfigurationList section */
		BE7C40C51AC7ED8000B7EA81 /* Build configuration list for PBXNativeTarget "Top100 WatchKit App" */ = {
			isa = XCConfigurationList;
			buildConfigurations = (
				BE7C40C61AC7ED8000B7EA81 /* Debug */,
				BE7C40C71AC7ED8000B7EA81 /* Release */,
			);
			defaultConfigurationIsVisible = 0;
			defaultConfigurationName = Release;
		};
		BE7C40C81AC7ED8000B7EA81 /* Build configuration list for PBXNativeTarget "Top100 WatchKit Extension" */ = {
			isa = XCConfigurationList;
			buildConfigurations = (
				BE7C40C91AC7ED8000B7EA81 /* Debug */,
				BE7C40CA1AC7ED8000B7EA81 /* Release */,
			);
			defaultConfigurationIsVisible = 0;
			defaultConfigurationName = Release;
		};
		BE7C40ED1AC805CE00B7EA81 /* Build configuration list for PBXNativeTarget "DataShareKit" */ = {
			isa = XCConfigurationList;
			buildConfigurations = (
				BE7C40EE1AC805CE00B7EA81 /* Debug */,
				BE7C40EF1AC805CE00B7EA81 /* Release */,
			);
			defaultConfigurationIsVisible = 0;
			defaultConfigurationName = Release;
		};
		BE7C40F11AC805CE00B7EA81 /* Build configuration list for PBXNativeTarget "DataShareKitTests" */ = {
			isa = XCConfigurationList;
			buildConfigurations = (
				BE7C40F21AC805CE00B7EA81 /* Debug */,
				BE7C40F31AC805CE00B7EA81 /* Release */,
			);
			defaultConfigurationIsVisible = 0;
			defaultConfigurationName = Release;
		};
		BEDB6C341A8A9B4300FB73BE /* Build configuration list for PBXProject "Top100" */ = {
			isa = XCConfigurationList;
			buildConfigurations = (
				BEDB6C601A8A9B4400FB73BE /* Debug */,
				BEDB6C611A8A9B4400FB73BE /* Release */,
			);
			defaultConfigurationIsVisible = 0;
			defaultConfigurationName = Release;
		};
		BEDB6C621A8A9B4400FB73BE /* Build configuration list for PBXNativeTarget "Top100" */ = {
			isa = XCConfigurationList;
			buildConfigurations = (
				BEDB6C631A8A9B4400FB73BE /* Debug */,
				BEDB6C641A8A9B4400FB73BE /* Release */,
			);
			defaultConfigurationIsVisible = 0;
			defaultConfigurationName = Release;
		};
		BEDB6C651A8A9B4400FB73BE /* Build configuration list for PBXNativeTarget "Top100Tests" */ = {
			isa = XCConfigurationList;
			buildConfigurations = (
				BEDB6C661A8A9B4400FB73BE /* Debug */,
				BEDB6C671A8A9B4400FB73BE /* Release */,
			);
			defaultConfigurationIsVisible = 0;
			defaultConfigurationName = Release;
		};
/* End XCConfigurationList section */

/* Begin XCVersionGroup section */
		BEDB6C431A8A9B4300FB73BE /* Top100.xcdatamodeld */ = {
			isa = XCVersionGroup;
			children = (
				BEDB6C441A8A9B4300FB73BE /* Top100.xcdatamodel */,
			);
			currentVersion = BEDB6C441A8A9B4300FB73BE /* Top100.xcdatamodel */;
			path = Top100.xcdatamodeld;
			sourceTree = "<group>";
			versionGroupType = wrapper.xcdatamodel;
		};
/* End XCVersionGroup section */
	};
	rootObject = BEDB6C311A8A9B4300FB73BE /* Project object */;
}
